
Microsoft Visual Studio Solution File, Format Version 12.00
Project("{FAE04EC0-301F-11D3-BF4B-00C04F79EFBC}") = "Netopes.Localization.Blazor.Wasm", "src\Netopes.Localization.Blazor.Wasm.csproj", "{31A12CD2-6532-4776-A037-2061DAF7F60D}"
EndProject
Global
	GlobalSection(SolutionConfigurationPlatforms) = preSolution
		Debug|Any CPU = Debug|Any CPU
		Release|Any CPU = Release|Any CPU
	EndGlobalSection
	GlobalSection(ProjectConfigurationPlatforms) = postSolution
		{31A12CD2-6532-4776-A037-2061DAF7F60D}.Debug|Any CPU.ActiveCfg = Debug|Any CPU
		{31A12CD2-6532-4776-A037-2061DAF7F60D}.Debug|Any CPU.Build.0 = Debug|Any CPU
		{31A12CD2-6532-4776-A037-2061DAF7F60D}.Release|Any CPU.ActiveCfg = Release|Any CPU
		{31A12CD2-6532-4776-A037-2061DAF7F60D}.Release|Any CPU.Build.0 = Release|Any CPU
	EndGlobalSection
EndGlobal
